
Microsoft Visual Studio Solution File, Format Version 12.00
# Visual Studio 15
VisualStudioVersion = 15.0.28307.168
MinimumVisualStudioVersion = 10.0.40219.1
Project("{2150E333-8FDC-42A3-9474-1A3956D46DE8}") = "Docs", "Docs", "{C87B20C0-ABD8-404B-9793-D639E6BA01DE}"
EndProject
Project("{2150E333-8FDC-42A3-9474-1A3956D46DE8}") = "Src", "Src", "{AF062B6B-F40A-48E1-A7C0-3956B82E1F48}"
EndProject
Project("{2150E333-8FDC-42A3-9474-1A3956D46DE8}") = "Common", "Common", "{06B28563-2AC6-43A5-8AAB-E1BBC0167327}"
EndProject
Project("{2150E333-8FDC-42A3-9474-1A3956D46DE8}") = "Core", "Core", "{134FE2FC-79DF-4E12-BBF7-1537629BF0BC}"
EndProject
Project("{2150E333-8FDC-42A3-9474-1A3956D46DE8}") = "Infrastructure", "Infrastructure", "{6FD47565-02D8-4F1D-BBF2-274A1ECADE06}"
EndProject
Project("{2150E333-8FDC-42A3-9474-1A3956D46DE8}") = "Presentation", "Presentation", "{313FD080-9147-4C4D-9515-F12A394AEA15}"
EndProject
Project("{FAE04EC0-301F-11D3-BF4B-00C04F79EFBC}") = "PTS.Common", "PTS.Common\PTS.Common.csproj", "{567DD31C-0930-4745-AE71-9E8F8FCD3325}"
EndProject
Project("{FAE04EC0-301F-11D3-BF4B-00C04F79EFBC}") = "PTS.Application", "PTS.Application\PTS.Application.csproj", "{9C00DB9F-D6E0-4E8C-8318-D131EA7C29C7}"
EndProject
Project("{FAE04EC0-301F-11D3-BF4B-00C04F79EFBC}") = "PTS.Domain", "PTS.Domain\PTS.Domain.csproj", "{2DE20C8A-48D6-4308-9546-4C62D4DA9AC8}"
EndProject
Project("{FAE04EC0-301F-11D3-BF4B-00C04F79EFBC}") = "PTS.Infrastructure", "PTS.Infrastructure\PTS.Infrastructure.csproj", "{239DCF90-316E-429F-AF88-7A7C3E9EC3B9}"
EndProject
Project("{FAE04EC0-301F-11D3-BF4B-00C04F79EFBC}") = "PTS.Persistence", "PTS.Persistence\PTS.Persistence.csproj", "{30B0CB43-6A15-449D-82BC-B8F0E8694535}"
EndProject
Project("{FAE04EC0-301F-11D3-BF4B-00C04F79EFBC}") = "PTS.WebApi", "PTS.WebApi\PTS.WebApi.csproj", "{7BD4AD4B-EABE-408B-8BD5-9FC5A655AB28}"
EndProject
Global
	GlobalSection(SolutionConfigurationPlatforms) = preSolution
		Debug|Any CPU = Debug|Any CPU
		Release|Any CPU = Release|Any CPU
	EndGlobalSection
	GlobalSection(ProjectConfigurationPlatforms) = postSolution
		{567DD31C-0930-4745-AE71-9E8F8FCD3325}.Debug|Any CPU.ActiveCfg = Debug|Any CPU
		{567DD31C-0930-4745-AE71-9E8F8FCD3325}.Debug|Any CPU.Build.0 = Debug|Any CPU
		{567DD31C-0930-4745-AE71-9E8F8FCD3325}.Release|Any CPU.ActiveCfg = Release|Any CPU
		{567DD31C-0930-4745-AE71-9E8F8FCD3325}.Release|Any CPU.Build.0 = Release|Any CPU
		{9C00DB9F-D6E0-4E8C-8318-D131EA7C29C7}.Debug|Any CPU.ActiveCfg = Debug|Any CPU
		{9C00DB9F-D6E0-4E8C-8318-D131EA7C29C7}.Debug|Any CPU.Build.0 = Debug|Any CPU
		{9C00DB9F-D6E0-4E8C-8318-D131EA7C29C7}.Release|Any CPU.ActiveCfg = Release|Any CPU
		{9C00DB9F-D6E0-4E8C-8318-D131EA7C29C7}.Release|Any CPU.Build.0 = Release|Any CPU
		{2DE20C8A-48D6-4308-9546-4C62D4DA9AC8}.Debug|Any CPU.ActiveCfg = Debug|Any CPU
		{2DE20C8A-48D6-4308-9546-4C62D4DA9AC8}.Debug|Any CPU.Build.0 = Debug|Any CPU
		{2DE20C8A-48D6-4308-9546-4C62D4DA9AC8}.Release|Any CPU.ActiveCfg = Release|Any CPU
		{2DE20C8A-48D6-4308-9546-4C62D4DA9AC8}.Release|Any CPU.Build.0 = Release|Any CPU
		{239DCF90-316E-429F-AF88-7A7C3E9EC3B9}.Debug|Any CPU.ActiveCfg = Debug|Any CPU
		{239DCF90-316E-429F-AF88-7A7C3E9EC3B9}.Debug|Any CPU.Build.0 = Debug|Any CPU
		{239DCF90-316E-429F-AF88-7A7C3E9EC3B9}.Release|Any CPU.ActiveCfg = Release|Any CPU
		{239DCF90-316E-429F-AF88-7A7C3E9EC3B9}.Release|Any CPU.Build.0 = Release|Any CPU
		{30B0CB43-6A15-449D-82BC-B8F0E8694535}.Debug|Any CPU.ActiveCfg = Debug|Any CPU
		{30B0CB43-6A15-449D-82BC-B8F0E8694535}.Debug|Any CPU.Build.0 = Debug|Any CPU
		{30B0CB43-6A15-449D-82BC-B8F0E8694535}.Release|Any CPU.ActiveCfg = Release|Any CPU
		{30B0CB43-6A15-449D-82BC-B8F0E8694535}.Release|Any CPU.Build.0 = Release|Any CPU
		{7BD4AD4B-EABE-408B-8BD5-9FC5A655AB28}.Debug|Any CPU.ActiveCfg = Debug|Any CPU
		{7BD4AD4B-EABE-408B-8BD5-9FC5A655AB28}.Debug|Any CPU.Build.0 = Debug|Any CPU
		{7BD4AD4B-EABE-408B-8BD5-9FC5A655AB28}.Release|Any CPU.ActiveCfg = Release|Any CPU
		{7BD4AD4B-EABE-408B-8BD5-9FC5A655AB28}.Release|Any CPU.Build.0 = Release|Any CPU
	EndGlobalSection
	GlobalSection(SolutionProperties) = preSolution
		HideSolutionNode = FALSE
	EndGlobalSection
	GlobalSection(NestedProjects) = preSolution
		{06B28563-2AC6-43A5-8AAB-E1BBC0167327} = {AF062B6B-F40A-48E1-A7C0-3956B82E1F48}
		{134FE2FC-79DF-4E12-BBF7-1537629BF0BC} = {AF062B6B-F40A-48E1-A7C0-3956B82E1F48}
		{6FD47565-02D8-4F1D-BBF2-274A1ECADE06} = {AF062B6B-F40A-48E1-A7C0-3956B82E1F48}
		{313FD080-9147-4C4D-9515-F12A394AEA15} = {AF062B6B-F40A-48E1-A7C0-3956B82E1F48}
		{567DD31C-0930-4745-AE71-9E8F8FCD3325} = {06B28563-2AC6-43A5-8AAB-E1BBC0167327}
		{9C00DB9F-D6E0-4E8C-8318-D131EA7C29C7} = {134FE2FC-79DF-4E12-BBF7-1537629BF0BC}
		{2DE20C8A-48D6-4308-9546-4C62D4DA9AC8} = {134FE2FC-79DF-4E12-BBF7-1537629BF0BC}
		{239DCF90-316E-429F-AF88-7A7C3E9EC3B9} = {6FD47565-02D8-4F1D-BBF2-274A1ECADE06}
		{30B0CB43-6A15-449D-82BC-B8F0E8694535} = {6FD47565-02D8-4F1D-BBF2-274A1ECADE06}
		{7BD4AD4B-EABE-408B-8BD5-9FC5A655AB28} = {313FD080-9147-4C4D-9515-F12A394AEA15}
	EndGlobalSection
	GlobalSection(ExtensibilityGlobals) = postSolution
		SolutionGuid = {1ECA4985-68B4-4F06-8B04-32B7EFE19EE9}
	EndGlobalSection
EndGlobal
